
Microsoft Visual Studio Solution File, Format Version 12.00
# Visual Studio Version 16
VisualStudioVersion = 16.0.30717.126
MinimumVisualStudioVersion = 10.0.40219.1
Project("{FAE04EC0-301F-11D3-BF4B-00C04F79EFBC}") = "Korangi Public School", "Korangi Public School.csproj", "{3825D1BB-5B96-4EFB-8BB0-7A0003135CB2}"
EndProject
Global
	GlobalSection(SolutionConfigurationPlatforms) = preSolution
		Debug|Any CPU = Debug|Any CPU
		Release|Any CPU = Release|Any CPU
	EndGlobalSection
	GlobalSection(ProjectConfigurationPlatforms) = postSolution
		{3825D1BB-5B96-4EFB-8BB0-7A0003135CB2}.Debug|Any CPU.ActiveCfg = Debug|Any CPU
		{3825D1BB-5B96-4EFB-8BB0-7A0003135CB2}.Debug|Any CPU.Build.0 = Debug|Any CPU
		{3825D1BB-5B96-4EFB-8BB0-7A0003135CB2}.Release|Any CPU.ActiveCfg = Release|Any CPU
		{3825D1BB-5B96-4EFB-8BB0-7A0003135CB2}.Release|Any CPU.Build.0 = Release|Any CPU
	EndGlobalSection
	GlobalSection(SolutionProperties) = preSolution
		HideSolutionNode = FALSE
	EndGlobalSection
	GlobalSection(ExtensibilityGlobals) = postSolution
		SolutionGuid = {0927010B-7BAE-4004-A460-44DCF3A3A143}
	EndGlobalSection
EndGlobal
